
Microsoft Visual Studio Solution File, Format Version 12.00
# Visual Studio Version 17
VisualStudioVersion = 17.10.35122.118
MinimumVisualStudioVersion = 10.0.40219.1
Project("{9A19103F-16F7-4668-BE54-9A1E7A4F7556}") = "Noizera.Api", "api\src\Noizera.Api\Noizera.Api.csproj", "{78635846-1EBD-4D5E-99FB-D2F3AF9CB9C9}"
EndProject
Project("{9A19103F-16F7-4668-BE54-9A1E7A4F7556}") = "Noizera.Application", "api\src\Noizera.Application\Noizera.Application.csproj", "{E9BFBC34-06D8-4D51-B17C-F7817E114937}"
EndProject
Project("{9A19103F-16F7-4668-BE54-9A1E7A4F7556}") = "Noizera.Infrastructure", "api\src\Noizera.Infrastructure\Noizera.Infrastructure.csproj", "{C04481B9-E0E2-453D-B569-272E599CC7E2}"
EndProject
Project("{9A19103F-16F7-4668-BE54-9A1E7A4F7556}") = "Noizera.BackgroundJobs", "background-jobs\src\Noizera.BackgroundJobs\Noizera.BackgroundJobs.csproj", "{73E19629-CFAF-4B2A-9B34-72BB3E7BDBDA}"
EndProject
Project("{9A19103F-16F7-4668-BE54-9A1E7A4F7556}") = "Dashboard", "dashboard\Dashboard\Dashboard.csproj", "{0DA5DAF4-2279-49EC-BB30-0D53E1C7E2A7}"
EndProject
Project("{9A19103F-16F7-4668-BE54-9A1E7A4F7556}") = "Noizera.Tests", "api\tests\Noizera.Tests\Noizera.Tests.csproj", "{A61746AC-5474-4AA0-A6BA-2AEEB92529F3}"
EndProject
Project("{FAE04EC0-301F-11D3-BF4B-00C04F79EFBC}") = "Noizera.Common.Contracts", "shared\src\Noizera.Common.Contracts\Noizera.Common.Contracts.csproj", "{12656369-5805-47A8-AD38-ECE1676F77CE}"
EndProject
Project("{FAE04EC0-301F-11D3-BF4B-00C04F79EFBC}") = "Noizera.Common.Domain", "shared\src\Noizera.Common.Domain\Noizera.Common.Domain.csproj", "{30F78270-E5CE-4C37-9657-1163D08D725B}"
EndProject
Project("{FAE04EC0-301F-11D3-BF4B-00C04F79EFBC}") = "Noizera.Common.Infrastructure", "shared\src\Noizera.Common.Infrastructure\Noizera.Common.Infrastructure.csproj", "{021C9209-3FE1-41D7-A965-68F7CEE74C4D}"
EndProject
Project("{FAE04EC0-301F-11D3-BF4B-00C04F79EFBC}") = "Noizera.Common.Persistence", "shared\src\Noizera.Common.Persistence\Noizera.Common.Persistence.csproj", "{F91053DF-47A4-4DCA-9B88-600CF6F6F9F0}"
EndProject
Global
	GlobalSection(SolutionConfigurationPlatforms) = preSolution
		Debug|Any CPU = Debug|Any CPU
		Release|Any CPU = Release|Any CPU
	EndGlobalSection
	GlobalSection(ProjectConfigurationPlatforms) = postSolution
		{78635846-1EBD-4D5E-99FB-D2F3AF9CB9C9}.Debug|Any CPU.ActiveCfg = Debug|Any CPU
		{78635846-1EBD-4D5E-99FB-D2F3AF9CB9C9}.Debug|Any CPU.Build.0 = Debug|Any CPU
		{78635846-1EBD-4D5E-99FB-D2F3AF9CB9C9}.Release|Any CPU.ActiveCfg = Release|Any CPU
		{78635846-1EBD-4D5E-99FB-D2F3AF9CB9C9}.Release|Any CPU.Build.0 = Release|Any CPU
		{E9BFBC34-06D8-4D51-B17C-F7817E114937}.Debug|Any CPU.ActiveCfg = Debug|Any CPU
		{E9BFBC34-06D8-4D51-B17C-F7817E114937}.Debug|Any CPU.Build.0 = Debug|Any CPU
		{E9BFBC34-06D8-4D51-B17C-F7817E114937}.Release|Any CPU.ActiveCfg = Release|Any CPU
		{E9BFBC34-06D8-4D51-B17C-F7817E114937}.Release|Any CPU.Build.0 = Release|Any CPU
		{C04481B9-E0E2-453D-B569-272E599CC7E2}.Debug|Any CPU.ActiveCfg = Debug|Any CPU
		{C04481B9-E0E2-453D-B569-272E599CC7E2}.Debug|Any CPU.Build.0 = Debug|Any CPU
		{C04481B9-E0E2-453D-B569-272E599CC7E2}.Release|Any CPU.ActiveCfg = Release|Any CPU
		{C04481B9-E0E2-453D-B569-272E599CC7E2}.Release|Any CPU.Build.0 = Release|Any CPU
		{73E19629-CFAF-4B2A-9B34-72BB3E7BDBDA}.Debug|Any CPU.ActiveCfg = Debug|Any CPU
		{73E19629-CFAF-4B2A-9B34-72BB3E7BDBDA}.Debug|Any CPU.Build.0 = Debug|Any CPU
		{73E19629-CFAF-4B2A-9B34-72BB3E7BDBDA}.Release|Any CPU.ActiveCfg = Release|Any CPU
		{73E19629-CFAF-4B2A-9B34-72BB3E7BDBDA}.Release|Any CPU.Build.0 = Release|Any CPU
		{0DA5DAF4-2279-49EC-BB30-0D53E1C7E2A7}.Debug|Any CPU.ActiveCfg = Debug|Any CPU
		{0DA5DAF4-2279-49EC-BB30-0D53E1C7E2A7}.Debug|Any CPU.Build.0 = Debug|Any CPU
		{0DA5DAF4-2279-49EC-BB30-0D53E1C7E2A7}.Release|Any CPU.ActiveCfg = Release|Any CPU
		{0DA5DAF4-2279-49EC-BB30-0D53E1C7E2A7}.Release|Any CPU.Build.0 = Release|Any CPU
		{A61746AC-5474-4AA0-A6BA-2AEEB92529F3}.Debug|Any CPU.ActiveCfg = Debug|Any CPU
		{A61746AC-5474-4AA0-A6BA-2AEEB92529F3}.Debug|Any CPU.Build.0 = Debug|Any CPU
		{A61746AC-5474-4AA0-A6BA-2AEEB92529F3}.Release|Any CPU.ActiveCfg = Release|Any CPU
		{A61746AC-5474-4AA0-A6BA-2AEEB92529F3}.Release|Any CPU.Build.0 = Release|Any CPU
		{12656369-5805-47A8-AD38-ECE1676F77CE}.Debug|Any CPU.ActiveCfg = Debug|Any CPU
		{12656369-5805-47A8-AD38-ECE1676F77CE}.Debug|Any CPU.Build.0 = Debug|Any CPU
		{12656369-5805-47A8-AD38-ECE1676F77CE}.Release|Any CPU.ActiveCfg = Release|Any CPU
		{12656369-5805-47A8-AD38-ECE1676F77CE}.Release|Any CPU.Build.0 = Release|Any CPU
		{30F78270-E5CE-4C37-9657-1163D08D725B}.Debug|Any CPU.ActiveCfg = Debug|Any CPU
		{30F78270-E5CE-4C37-9657-1163D08D725B}.Debug|Any CPU.Build.0 = Debug|Any CPU
		{30F78270-E5CE-4C37-9657-1163D08D725B}.Release|Any CPU.ActiveCfg = Release|Any CPU
		{30F78270-E5CE-4C37-9657-1163D08D725B}.Release|Any CPU.Build.0 = Release|Any CPU
		{021C9209-3FE1-41D7-A965-68F7CEE74C4D}.Debug|Any CPU.ActiveCfg = Debug|Any CPU
		{021C9209-3FE1-41D7-A965-68F7CEE74C4D}.Debug|Any CPU.Build.0 = Debug|Any CPU
		{021C9209-3FE1-41D7-A965-68F7CEE74C4D}.Release|Any CPU.ActiveCfg = Release|Any CPU
		{021C9209-3FE1-41D7-A965-68F7CEE74C4D}.Release|Any CPU.Build.0 = Release|Any CPU
		{F91053DF-47A4-4DCA-9B88-600CF6F6F9F0}.Debug|Any CPU.ActiveCfg = Debug|Any CPU
		{F91053DF-47A4-4DCA-9B88-600CF6F6F9F0}.Debug|Any CPU.Build.0 = Debug|Any CPU
		{F91053DF-47A4-4DCA-9B88-600CF6F6F9F0}.Release|Any CPU.ActiveCfg = Release|Any CPU
		{F91053DF-47A4-4DCA-9B88-600CF6F6F9F0}.Release|Any CPU.Build.0 = Release|Any CPU
	EndGlobalSection
	GlobalSection(SolutionProperties) = preSolution
		HideSolutionNode = FALSE
	EndGlobalSection
	GlobalSection(ExtensibilityGlobals) = postSolution
		SolutionGuid = {CCC7445E-6A97-4443-850F-A6249E0C6272}
	EndGlobalSection
EndGlobal
